
Microsoft Visual Studio Solution File, Format Version 12.00
# Visual Studio Version 17
VisualStudioVersion = 17.11.35327.3
MinimumVisualStudioVersion = 10.0.40219.1
Project("{8BC9CEB8-8B4A-11D0-8D11-00A0C91BC942}") = "text_12.2", "text_12.2\text_12.2.vcxproj", "{463E459D-B0A0-4F05-8342-7B784B710C00}"
EndProject
Global
	GlobalSection(SolutionConfigurationPlatforms) = preSolution
		Debug|x64 = Debug|x64
		Debug|x86 = Debug|x86
		Release|x64 = Release|x64
		Release|x86 = Release|x86
	EndGlobalSection
	GlobalSection(ProjectConfigurationPlatforms) = postSolution
		{463E459D-B0A0-4F05-8342-7B784B710C00}.Debug|x64.ActiveCfg = Debug|x64
		{463E459D-B0A0-4F05-8342-7B784B710C00}.Debug|x64.Build.0 = Debug|x64
		{463E459D-B0A0-4F05-8342-7B784B710C00}.Debug|x86.ActiveCfg = Debug|Win32
		{463E459D-B0A0-4F05-8342-7B784B710C00}.Debug|x86.Build.0 = Debug|Win32
		{463E459D-B0A0-4F05-8342-7B784B710C00}.Release|x64.ActiveCfg = Release|x64
		{463E459D-B0A0-4F05-8342-7B784B710C00}.Release|x64.Build.0 = Release|x64
		{463E459D-B0A0-4F05-8342-7B784B710C00}.Release|x86.ActiveCfg = Release|Win32
		{463E459D-B0A0-4F05-8342-7B784B710C00}.Release|x86.Build.0 = Release|Win32
	EndGlobalSection
	GlobalSection(SolutionProperties) = preSolution
		HideSolutionNode = FALSE
	EndGlobalSection
	GlobalSection(ExtensibilityGlobals) = postSolution
		SolutionGuid = {77FED050-2A6E-4E5A-8593-31107015176F}
	EndGlobalSection
EndGlobal
